
Microsoft Visual Studio Solution File, Format Version 12.00
# Visual Studio Version 17
VisualStudioVersion = 17.4.33103.184
MinimumVisualStudioVersion = 10.0.40219.1
Project("{FAE04EC0-301F-11D3-BF4B-00C04F79EFBC}") = "WinFormsApp1", "WinFormsApp1\WinFormsApp1.csproj", "{7FB26CAD-FC0E-418E-9D3C-3568213BB54E}"
EndProject
Global
	GlobalSection(SolutionConfigurationPlatforms) = preSolution
		Debug|Any CPU = Debug|Any CPU
		Release|Any CPU = Release|Any CPU
	EndGlobalSection
	GlobalSection(ProjectConfigurationPlatforms) = postSolution
		{7FB26CAD-FC0E-418E-9D3C-3568213BB54E}.Debug|Any CPU.ActiveCfg = Debug|Any CPU
		{7FB26CAD-FC0E-418E-9D3C-3568213BB54E}.Debug|Any CPU.Build.0 = Debug|Any CPU
		{7FB26CAD-FC0E-418E-9D3C-3568213BB54E}.Release|Any CPU.ActiveCfg = Release|Any CPU
		{7FB26CAD-FC0E-418E-9D3C-3568213BB54E}.Release|Any CPU.Build.0 = Release|Any CPU
	EndGlobalSection
	GlobalSection(SolutionProperties) = preSolution
		HideSolutionNode = FALSE
	EndGlobalSection
	GlobalSection(ExtensibilityGlobals) = postSolution
		SolutionGuid = {D41A497A-20D7-4904-B9F4-04DB0563D909}
	EndGlobalSection
EndGlobal
