
Microsoft Visual Studio Solution File, Format Version 12.00
# Visual Studio Version 17
VisualStudioVersion = 17.4.33103.184
MinimumVisualStudioVersion = 10.0.40219.1
Project("{FAE04EC0-301F-11D3-BF4B-00C04F79EFBC}") = "WinFormsApp1", "WinFormsApp1\WinFormsApp1.csproj", "{87A1DDCB-7026-4F46-9E65-F9B1C35D2547}"
EndProject
Global
	GlobalSection(SolutionConfigurationPlatforms) = preSolution
		Debug|Any CPU = Debug|Any CPU
		Release|Any CPU = Release|Any CPU
	EndGlobalSection
	GlobalSection(ProjectConfigurationPlatforms) = postSolution
		{87A1DDCB-7026-4F46-9E65-F9B1C35D2547}.Debug|Any CPU.ActiveCfg = Debug|Any CPU
		{87A1DDCB-7026-4F46-9E65-F9B1C35D2547}.Debug|Any CPU.Build.0 = Debug|Any CPU
		{87A1DDCB-7026-4F46-9E65-F9B1C35D2547}.Release|Any CPU.ActiveCfg = Release|Any CPU
		{87A1DDCB-7026-4F46-9E65-F9B1C35D2547}.Release|Any CPU.Build.0 = Release|Any CPU
	EndGlobalSection
	GlobalSection(SolutionProperties) = preSolution
		HideSolutionNode = FALSE
	EndGlobalSection
	GlobalSection(ExtensibilityGlobals) = postSolution
		SolutionGuid = {B090533A-ABF4-4EFC-8496-9C099112968A}
	EndGlobalSection
EndGlobal
